<?xml version="1.0" encoding="utf-8"?>
<Project ToolsVersion="4.0" xmlns="http://schemas.microsoft.com/developer/msbuild/2003">
  <ItemGroup>
    <Filter Include="소스 파일">
      <UniqueIdentifier>{4FC737F1-C7A5-4376-A066-2A32D752A2FF}</UniqueIdentifier>
      <Extensions>cpp;c;cc;cxx;c++;cppm;ixx;def;odl;idl;hpj;bat;asm;asmx</Extensions>
    </Filter>
    <Filter Include="리소스 파일">
      <UniqueIdentifier>{67DA6AB6-F800-4c08-8B7A-83BB121AAD01}</UniqueIdentifier>
      <Extensions>rc;ico;cur;bmp;dlg;rc2;rct;bin;rgs;gif;jpg;jpeg;jpe;resx;tiff;tif;png;wav;mfcribbon-ms</Extensions>
    </Filter>
    <Filter Include="소스 파일\01. Main">
      <UniqueIdentifier>{da4c470f-63d7-47f9-b5cf-c6364d7b2e0b}</UniqueIdentifier>
    </Filter>
    <Filter Include="소스 파일\99. Headers">
      <UniqueIdentifier>{f83f1be6-2285-471f-a929-24548e53c047}</UniqueIdentifier>
    </Filter>
    <Filter Include="소스 파일\99. Headers\Andromeda">
      <UniqueIdentifier>{3d609fd6-96df-411f-94d0-607024901192}</UniqueIdentifier>
    </Filter>
    <Filter Include="소스 파일\98. Shader">
      <UniqueIdentifier>{054172c4-f6ff-49c1-8c6a-5988b4c3304c}</UniqueIdentifier>
    </Filter>
  </ItemGroup>
  <ItemGroup>
    <ClInclude Include="GameCoding.h">
      <Filter>소스 파일\01. Main</Filter>
    </ClInclude>
    <ClInclude Include="pch.h">
      <Filter>소스 파일\99. Headers</Filter>
    </ClInclude>
    <ClInclude Include="framework.h">
      <Filter>소스 파일\99. Headers\Andromeda</Filter>
    </ClInclude>
    <ClInclude Include="Resource.h">
      <Filter>소스 파일\99. Headers\Andromeda</Filter>
    </ClInclude>
    <ClInclude Include="targetver.h">
      <Filter>소스 파일\99. Headers\Andromeda</Filter>
    </ClInclude>
    <ClInclude Include="Values.h">
      <Filter>소스 파일\99. Headers</Filter>
    </ClInclude>
    <ClInclude Include="Types.h">
      <Filter>소스 파일\99. Headers</Filter>
    </ClInclude>
    <ClInclude Include="Struct.h">
      <Filter>소스 파일\99. Headers</Filter>
    </ClInclude>
    <ClInclude Include="Game.h">
      <Filter>소스 파일\01. Main</Filter>
    </ClInclude>
    <ClInclude Include="SimpleMath.h">
      <Filter>소스 파일\99. Headers</Filter>
    </ClInclude>
  </ItemGroup>
  <ItemGroup>
    <ResourceCompile Include="GameCoding.rc">
      <Filter>리소스 파일</Filter>
    </ResourceCompile>
  </ItemGroup>
  <ItemGroup>
    <Image Include="small.ico">
      <Filter>리소스 파일</Filter>
    </Image>
    <Image Include="GameCoding.ico">
      <Filter>리소스 파일</Filter>
    </Image>
  </ItemGroup>
  <ItemGroup>
    <ClCompile Include="GameCoding.cpp">
      <Filter>소스 파일\01. Main</Filter>
    </ClCompile>
    <ClCompile Include="pch.cpp">
      <Filter>소스 파일\99. Headers</Filter>
    </ClCompile>
    <ClCompile Include="Game.cpp">
      <Filter>소스 파일\01. Main</Filter>
    </ClCompile>
    <ClCompile Include="SimpleMath.cpp">
      <Filter>소스 파일\99. Headers</Filter>
    </ClCompile>
  </ItemGroup>
  <ItemGroup>
    <FxCompile Include="Default.hlsl">
      <Filter>소스 파일\98. Shader</Filter>
    </FxCompile>
  </ItemGroup>
  <ItemGroup>
    <None Include="SimpleMath.inl">
      <Filter>소스 파일\99. Headers</Filter>
    </None>
  </ItemGroup>
</Project>